
Microsoft Visual Studio Solution File, Format Version 12.00
# Visual Studio Version 16
VisualStudioVersion = 16.0.31911.196
MinimumVisualStudioVersion = 10.0.40219.1
Project("{9A19103F-16F7-4668-BE54-9A1E7A4F7556}") = "HadesProject", "HadesProject\HadesProject.csproj", "{82104E12-98C9-4E4F-847D-216CC3A9BDE8}"
EndProject
Project("{FAE04EC0-301F-11D3-BF4B-00C04F79EFBC}") = "DataAccess", "DataAccess\DataAccess.csproj", "{11BDB80A-3660-4B02-A460-087BD0340C3E}"
EndProject
Global
	GlobalSection(SolutionConfigurationPlatforms) = preSolution
		Debug|Any CPU = Debug|Any CPU
		Release|Any CPU = Release|Any CPU
	EndGlobalSection
	GlobalSection(ProjectConfigurationPlatforms) = postSolution
		{82104E12-98C9-4E4F-847D-216CC3A9BDE8}.Debug|Any CPU.ActiveCfg = Debug|Any CPU
		{82104E12-98C9-4E4F-847D-216CC3A9BDE8}.Debug|Any CPU.Build.0 = Debug|Any CPU
		{82104E12-98C9-4E4F-847D-216CC3A9BDE8}.Release|Any CPU.ActiveCfg = Release|Any CPU
		{82104E12-98C9-4E4F-847D-216CC3A9BDE8}.Release|Any CPU.Build.0 = Release|Any CPU
		{11BDB80A-3660-4B02-A460-087BD0340C3E}.Debug|Any CPU.ActiveCfg = Debug|Any CPU
		{11BDB80A-3660-4B02-A460-087BD0340C3E}.Debug|Any CPU.Build.0 = Debug|Any CPU
		{11BDB80A-3660-4B02-A460-087BD0340C3E}.Release|Any CPU.ActiveCfg = Release|Any CPU
		{11BDB80A-3660-4B02-A460-087BD0340C3E}.Release|Any CPU.Build.0 = Release|Any CPU
	EndGlobalSection
	GlobalSection(SolutionProperties) = preSolution
		HideSolutionNode = FALSE
	EndGlobalSection
	GlobalSection(ExtensibilityGlobals) = postSolution
		SolutionGuid = {982C7029-7DE1-44E4-A15E-AEB5C3F674AA}
	EndGlobalSection
EndGlobal
